// !$*UTF8*$!
{
	archiveVersion = 1;
	classes = {
	};
	objectVersion = 50;
	objects = {

/* Begin PBXBuildFile section */
		95BA193620B9C5CD005DE11C /* AppDelegate.swift in Sources */ = {isa = PBXBuildFile; fileRef = 95BA193520B9C5CD005DE11C /* AppDelegate.swift */; };
		95BA193820B9C5CD005DE11C /* ViewController.swift in Sources */ = {isa = PBXBuildFile; fileRef = 95BA193720B9C5CD005DE11C /* ViewController.swift */; };
		95BA193B20B9C5CD005DE11C /* Main.storyboard in Resources */ = {isa = PBXBuildFile; fileRef = 95BA193920B9C5CD005DE11C /* Main.storyboard */; };
		95BA193D20B9C5CF005DE11C /* Assets.xcassets in Resources */ = {isa = PBXBuildFile; fileRef = 95BA193C20B9C5CF005DE11C /* Assets.xcassets */; };
		95BA194020B9C5CF005DE11C /* LaunchScreen.storyboard in Resources */ = {isa = PBXBuildFile; fileRef = 95BA193E20B9C5CF005DE11C /* LaunchScreen.storyboard */; };
		95BA194820B9CB0E005DE11C /* CircleRecordingButton.swift in Sources */ = {isa = PBXBuildFile; fileRef = 95BA194720B9CB0E005DE11C /* CircleRecordingButton.swift */; };
/* End PBXBuildFile section */

/* Begin PBXFileReference section */
		95BA193220B9C5CD005DE11C /* AllEyesOnLebron.app */ = {isa = PBXFileReference; explicitFileType = wrapper.application; includeInIndex = 0; path = AllEyesOnLebron.app; sourceTree = BUILT_PRODUCTS_DIR; };
		95BA193520B9C5CD005DE11C /* AppDelegate.swift */ = {isa = PBXFileReference; lastKnownFileType = sourcecode.swift; path = AppDelegate.swift; sourceTree = "<group>"; };
		95BA193720B9C5CD005DE11C /* ViewController.swift */ = {isa = PBXFileReference; lastKnownFileType = sourcecode.swift; path = ViewController.swift; sourceTree = "<group>"; };
		95BA193A20B9C5CD005DE11C /* Base */ = {isa = PBXFileReference; lastKnownFileType = file.storyboard; name = Base; path = Base.lproj/Main.storyboard; sourceTree = "<group>"; };
		95BA193C20B9C5CF005DE11C /* Assets.xcassets */ = {isa = PBXFileReference; lastKnownFileType = folder.assetcatalog; path = Assets.xcassets; sourceTree = "<group>"; };
		95BA193F20B9C5CF005DE11C /* Base */ = {isa = PBXFileReference; lastKnownFileType = file.storyboard; name = Base; path = Base.lproj/LaunchScreen.storyboard; sourceTree = "<group>"; };
		95BA194120B9C5CF005DE11C /* Info.plist */ = {isa = PBXFileReference; lastKnownFileType = text.plist.xml; path = Info.plist; sourceTree = "<group>"; };
		95BA194720B9CB0E005DE11C /* CircleRecordingButton.swift */ = {isa = PBXFileReference; lastKnownFileType = sourcecode.swift; path = CircleRecordingButton.swift; sourceTree = "<group>"; };
/* End PBXFileReference section */

/* Begin PBXFrameworksBuildPhase section */
		95BA192F20B9C5CD005DE11C /* Frameworks */ = {
			isa = PBXFrameworksBuildPhase;
			buildActionMask = 2147483647;
			files = (
			);
			runOnlyForDeploymentPostprocessing = 0;
		};
/* End PBXFrameworksBuildPhase section */

/* Begin PBXGroup section */
		95BA192920B9C5CD005DE11C = {
			isa = PBXGroup;
			children = (
				95BA193420B9C5CD005DE11C /* AllEyesOnLebron */,
				95BA193320B9C5CD005DE11C /* Products */,
			);
			sourceTree = "<group>";
		};
		95BA193320B9C5CD005DE11C /* Products */ = {
			isa = PBXGroup;
			children = (
				95BA193220B9C5CD005DE11C /* AllEyesOnLebron.app */,
			);
			name = Products;
			sourceTree = "<group>";
		};
		95BA193420B9C5CD005DE11C /* AllEyesOnLebron */ = {
			isa = PBXGroup;
			children = (
				95BA193520B9C5CD005DE11C /* AppDelegate.swift */,
				95BA193720B9C5CD005DE11C /* ViewController.swift */,
				95BA193920B9C5CD005DE11C /* Main.storyboard */,
				95BA193C20B9C5CF005DE11C /* Assets.xcassets */,
				95BA193E20B9C5CF005DE11C /* LaunchScreen.storyboard */,
				95BA194120B9C5CF005DE11C /* Info.plist */,
				95BA194720B9CB0E005DE11C /* CircleRecordingButton.swift */,
			);
			path = AllEyesOnLebron;
			sourceTree = "<group>";
		};
/* End PBXGroup section */

/* Begin PBXNativeTarget section */
		95BA193120B9C5CD005DE11C /* AllEyesOnLebron */ = {
			isa = PBXNativeTarget;
			buildConfigurationList = 95BA194420B9C5CF005DE11C /* Build configuration list for PBXNativeTarget "AllEyesOnLebron" */;
			buildPhases = (
				95BA192E20B9C5CD005DE11C /* Sources */,
				95BA192F20B9C5CD005DE11C /* Frameworks */,
				95BA193020B9C5CD005DE11C /* Resources */,
			);
			buildRules = (
			);
			dependencies = (
			);
			name = AllEyesOnLebron;
			productName = AllEyesOnLebron;
			productReference = 95BA193220B9C5CD005DE11C /* AllEyesOnLebron.app */;
			productType = "com.apple.product-type.application";
		};
/* End PBXNativeTarget section */

/* Begin PBXProject section */
		95BA192A20B9C5CD005DE11C /* Project object */ = {
			isa = PBXProject;
			attributes = {
				LastSwiftUpdateCheck = 0930;
				LastUpgradeCheck = 0930;
				ORGANIZATIONNAME = "Olteanu Andrei";
				TargetAttributes = {
					95BA193120B9C5CD005DE11C = {
						CreatedOnToolsVersion = 9.3.1;
					};
				};
			};
			buildConfigurationList = 95BA192D20B9C5CD005DE11C /* Build configuration list for PBXProject "AllEyesOnLebron" */;
			compatibilityVersion = "Xcode 9.3";
			developmentRegion = en;
			hasScannedForEncodings = 0;
			knownRegions = (
				en,
				Base,
			);
			mainGroup = 95BA192920B9C5CD005DE11C;
			productRefGroup = 95BA193320B9C5CD005DE11C /* Products */;
			projectDirPath = "";
			projectRoot = "";
			targets = (
				95BA193120B9C5CD005DE11C /* AllEyesOnLebron */,
			);
		};
/* End PBXProject section */

/* Begin PBXResourcesBuildPhase section */
		95BA193020B9C5CD005DE11C /* Resources */ = {
			isa = PBXResourcesBuildPhase;
			buildActionMask = 2147483647;
			files = (
				95BA194020B9C5CF005DE11C /* LaunchScreen.storyboard in Resources */,
				95BA193D20B9C5CF005DE11C /* Assets.xcassets in Resources */,
				95BA193B20B9C5CD005DE11C /* Main.storyboard in Resources */,
			);
			runOnlyForDeploymentPostprocessing = 0;
		};
/* End PBXResourcesBuildPhase section */

/* Begin PBXSourcesBuildPhase section */
		95BA192E20B9C5CD005DE11C /* Sources */ = {
			isa = PBXSourcesBuildPhase;
			buildActionMask = 2147483647;
			files = (
				95BA194820B9CB0E005DE11C /* CircleRecordingButton.swift in Sources */,
				95BA193820B9C5CD005DE11C /* ViewController.swift in Sources */,
				95BA193620B9C5CD005DE11C /* AppDelegate.swift in Sources */,
			);
			runOnlyForDeploymentPostprocessing = 0;
		};
/* End PBXSourcesBuildPhase section */

/* Begin PBXVariantGroup section */
		95BA193920B9C5CD005DE11C /* Main.storyboard */ = {
			isa = PBXVariantGroup;
			children = (
				95BA193A20B9C5CD005DE11C /* Base */,
			);
			name = Main.storyboard;
			sourceTree = "<group>";
		};
		95BA193E20B9C5CF005DE11C /* LaunchScreen.storyboard */ = {
			isa = PBXVariantGroup;
			children = (
				95BA193F20B9C5CF005DE11C /* Base */,
			);
			name = LaunchScreen.storyboard;
			sourceTree = "<group>";
		};
/* End PBXVariantGroup section */

/* Begin XCBuildConfiguration section */
		95BA194220B9C5CF005DE11C /* Debug */ = {
			isa = XCBuildConfiguration;
			buildSettings = {
				ALWAYS_SEARCH_USER_PATHS = NO;
				CLANG_ANALYZER_NONNULL = YES;
				CLANG_ANALYZER_NUMBER_OBJECT_CONVERSION = YES_AGGRESSIVE;
				CLANG_CXX_LANGUAGE_STANDARD = "gnu++14";
				CLANG_CXX_LIBRARY = "libc++";
				CLANG_ENABLE_MODULES = YES;
				CLANG_ENABLE_OBJC_ARC = YES;
				CLANG_ENABLE_OBJC_WEAK = YES;
				CLANG_WARN_BLOCK_CAPTURE_AUTORELEASING = YES;
				CLANG_WARN_BOOL_CONVERSION = YES;
				CLANG_WARN_COMMA = YES;
				CLANG_WARN_CONSTANT_CONVERSION = YES;
				CLANG_WARN_DEPRECATED_OBJC_IMPLEMENTATIONS = YES;
				CLANG_WARN_DIRECT_OBJC_ISA_USAGE = YES_ERROR;
				CLANG_WARN_DOCUMENTATION_COMMENTS = YES;
				CLANG_WARN_EMPTY_BODY = YES;
				CLANG_WARN_ENUM_CONVERSION = YES;
				CLANG_WARN_INFINITE_RECURSION = YES;
				CLANG_WARN_INT_CONVERSION = YES;
				CLANG_WARN_NON_LITERAL_NULL_CONVERSION = YES;
				CLANG_WARN_OBJC_IMPLICIT_RETAIN_SELF = YES;
				CLANG_WARN_OBJC_LITERAL_CONVERSION = YES;
				CLANG_WARN_OBJC_ROOT_CLASS = YES_ERROR;
				CLANG_WARN_RANGE_LOOP_ANALYSIS = YES;
				CLANG_WARN_STRICT_PROTOTYPES = YES;
				CLANG_WARN_SUSPICIOUS_MOVE = YES;
				CLANG_WARN_UNGUARDED_AVAILABILITY = YES_AGGRESSIVE;
				CLANG_WARN_UNREACHABLE_CODE = YES;
				CLANG_WARN__DUPLICATE_METHOD_MATCH = YES;
				CODE_SIGN_IDENTITY = "iPhone Developer";
				COPY_PHASE_STRIP = NO;
				DEBUG_INFORMATION_FORMAT = dwarf;
				ENABLE_STRICT_OBJC_MSGSEND = YES;
				ENABLE_TESTABILITY = YES;
				GCC_C_LANGUAGE_STANDARD = gnu11;
				GCC_DYNAMIC_NO_PIC = NO;
				GCC_NO_COMMON_BLOCKS = YES;
				GCC_OPTIMIZATION_LEVEL = 0;
				GCC_PREPROCESSOR_DEFINITIONS = (
					"DEBUG=1",
					"$(inherited)",
				);
				GCC_WARN_64_TO_32_BIT_CONVERSION = YES;
				GCC_WARN_ABOUT_RETURN_TYPE = YES_ERROR;
				GCC_WARN_UNDECLARED_SELECTOR = YES;
				GCC_WARN_UNINITIALIZED_AUTOS = YES_AGGRESSIVE;
				GCC_WARN_UNUSED_FUNCTION = YES;
				GCC_WARN_UNUSED_VARIABLE = YES;
				IPHONEOS_DEPLOYMENT_TARGET = 11.3;
				MTL_ENABLE_DEBUG_INFO = YES;
				ONLY_ACTIVE_ARCH = YES;
				SDKROOT = iphoneos;
				SWIFT_ACTIVE_COMPILATION_CONDITIONS = DEBUG;
				SWIFT_OPTIMIZATION_LEVEL = "-Onone";
			};
			name = Debug;
		};
		95BA194320B9C5CF005DE11C /* Release */ = {
			isa = XCBuildConfiguration;
			buildSettings = {
				ALWAYS_SEARCH_USER_PATHS = NO;
				CLANG_ANALYZER_NONNULL = YES;
				CLANG_ANALYZER_NUMBER_OBJECT_CONVERSION = YES_AGGRESSIVE;
				CLANG_CXX_LANGUAGE_STANDARD = "gnu++14";
				CLANG_CXX_LIBRARY = "libc++";
				CLANG_ENABLE_MODULES = YES;
				CLANG_ENABLE_OBJC_ARC = YES;
				CLANG_ENABLE_OBJC_WEAK = YES;
				CLANG_WARN_BLOCK_CAPTURE_AUTORELEASING = YES;
				CLANG_WARN_BOOL_CONVERSION = YES;
				CLANG_WARN_COMMA = YES;
				CLANG_WARN_CONSTANT_CONVERSION = YES;
				CLANG_WARN_DEPRECATED_OBJC_IMPLEMENTATIONS = YES;
				CLANG_WARN_DIRECT_OBJC_ISA_USAGE = YES_ERROR;
				CLANG_WARN_DOCUMENTATION_COMMENTS = YES;
				CLANG_WARN_EMPTY_BODY = YES;
				CLANG_WARN_ENUM_CONVERSION = YES;
				CLANG_WARN_INFINITE_RECURSION = YES;
				CLANG_WARN_INT_CONVERSION = YES;
				CLANG_WARN_NON_LITERAL_NULL_CONVERSION = YES;
				CLANG_WARN_OBJC_IMPLICIT_RETAIN_SELF = YES;
				CLANG_WARN_OBJC_LITERAL_CONVERSION = YES;
				CLANG_WARN_OBJC_ROOT_CLASS = YES_ERROR;
				CLANG_WARN_RANGE_LOOP_ANALYSIS = YES;
				CLANG_WARN_STRICT_PROTOTYPES = YES;
				CLANG_WARN_SUSPICIOUS_MOVE = YES;
				CLANG_WARN_UNGUARDED_AVAILABILITY = YES_AGGRESSIVE;
				CLANG_WARN_UNREACHABLE_CODE = YES;
				CLANG_WARN__DUPLICATE_METHOD_MATCH = YES;
				CODE_SIGN_IDENTITY = "iPhone Developer";
				COPY_PHASE_STRIP = NO;
				DEBUG_INFORMATION_FORMAT = "dwarf-with-dsym";
				ENABLE_NS_ASSERTIONS = NO;
				ENABLE_STRICT_OBJC_MSGSEND = YES;
				GCC_C_LANGUAGE_STANDARD = gnu11;
				GCC_NO_COMMON_BLOCKS = YES;
				GCC_WARN_64_TO_32_BIT_CONVERSION = YES;
				GCC_WARN_ABOUT_RETURN_TYPE = YES_ERROR;
				GCC_WARN_UNDECLARED_SELECTOR = YES;
				GCC_WARN_UNINITIALIZED_AUTOS = YES_AGGRESSIVE;
				GCC_WARN_UNUSED_FUNCTION = YES;
				GCC_WARN_UNUSED_VARIABLE = YES;
				IPHONEOS_DEPLOYMENT_TARGET = 11.3;
				MTL_ENABLE_DEBUG_INFO = NO;
				SDKROOT = iphoneos;
				SWIFT_COMPILATION_MODE = wholemodule;
				SWIFT_OPTIMIZATION_LEVEL = "-O";
				VALIDATE_PRODUCT = YES;
			};
			name = Release;
		};
		95BA194520B9C5CF005DE11C /* Debug */ = {
			isa = XCBuildConfiguration;
			buildSettings = {
				ASSETCATALOG_COMPILER_APPICON_NAME = AppIcon;
				CODE_SIGN_STYLE = Automatic;
				DEVELOPMENT_TEAM = 7VAJ32PD5M;
				INFOPLIST_FILE = AllEyesOnLebron/Info.plist;
				LD_RUNPATH_SEARCH_PATHS = (
					"$(inherited)",
					"@executable_path/Frameworks",
				);
				PRODUCT_BUNDLE_IDENTIFIER = com.andreiolteanu.AllEyesOnLebron;
				PRODUCT_NAME = "$(TARGET_NAME)";
				SWIFT_VERSION = 4.0;
				TARGETED_DEVICE_FAMILY = "1,2";
			};
			name = Debug;
		};
		95BA194620B9C5CF005DE11C /* Release */ = {
			isa = XCBuildConfiguration;
			buildSettings = {
				ASSETCATALOG_COMPILER_APPICON_NAME = AppIcon;
				CODE_SIGN_STYLE = Automatic;
				DEVELOPMENT_TEAM = 7VAJ32PD5M;
				INFOPLIST_FILE = AllEyesOnLebron/Info.plist;
				LD_RUNPATH_SEARCH_PATHS = (
					"$(inherited)",
					"@executable_path/Frameworks",
				);
				PRODUCT_BUNDLE_IDENTIFIER = com.andreiolteanu.AllEyesOnLebron;
				PRODUCT_NAME = "$(TARGET_NAME)";
				SWIFT_VERSION = 4.0;
				TARGETED_DEVICE_FAMILY = "1,2";
			};
			name = Release;
		};
/* End XCBuildConfiguration section */

/* Begin XCConfigurationList section */
		95BA192D20B9C5CD005DE11C /* Build configuration list for PBXProject "AllEyesOnLebron" */ = {
			isa = XCConfigurationList;
			buildConfigurations = (
				95BA194220B9C5CF005DE11C /* Debug */,
				95BA194320B9C5CF005DE11C /* Release */,
			);
			defaultConfigurationIsVisible = 0;
			defaultConfigurationName = Release;
		};
		95BA194420B9C5CF005DE11C /* Build configuration list for PBXNativeTarget "AllEyesOnLebron" */ = {
			isa = XCConfigurationList;
			buildConfigurations = (
				95BA194520B9C5CF005DE11C /* Debug */,
				95BA194620B9C5CF005DE11C /* Release */,
			);
			defaultConfigurationIsVisible = 0;
			defaultConfigurationName = Release;
		};
/* End XCConfigurationList section */
	};
	rootObject = 95BA192A20B9C5CD005DE11C /* Project object */;
}
