// !$*UTF8*$!
{
	archiveVersion = 1;
	classes = {
	};
	objectVersion = 50;
	objects = {

/* Begin PBXBuildFile section */
		9533795520F0BA33003491BD /* AppDelegate.swift in Sources */ = {isa = PBXBuildFile; fileRef = 9533795420F0BA33003491BD /* AppDelegate.swift */; };
		9533795720F0BA33003491BD /* ViewController.swift in Sources */ = {isa = PBXBuildFile; fileRef = 9533795620F0BA33003491BD /* ViewController.swift */; };
		9533795C20F0BA38003491BD /* Assets.xcassets in Resources */ = {isa = PBXBuildFile; fileRef = 9533795B20F0BA38003491BD /* Assets.xcassets */; };
		9533795F20F0BA38003491BD /* LaunchScreen.storyboard in Resources */ = {isa = PBXBuildFile; fileRef = 9533795D20F0BA38003491BD /* LaunchScreen.storyboard */; };
		9533797420F0BAC5003491BD /* WeekViewController.swift in Sources */ = {isa = PBXBuildFile; fileRef = 9533797320F0BAC5003491BD /* WeekViewController.swift */; };
		9533797620F0BAE6003491BD /* BaseViewController.swift in Sources */ = {isa = PBXBuildFile; fileRef = 9533797520F0BAE6003491BD /* BaseViewController.swift */; };
		9533797820F0BB26003491BD /* Utils.swift in Sources */ = {isa = PBXBuildFile; fileRef = 9533797720F0BB26003491BD /* Utils.swift */; };
		9533797B20F0BE80003491BD /* GotPagedViewController.swift in Sources */ = {isa = PBXBuildFile; fileRef = 9533797A20F0BE80003491BD /* GotPagedViewController.swift */; };
/* End PBXBuildFile section */

/* Begin PBXFileReference section */
		9533795120F0BA33003491BD /* GotPaged.app */ = {isa = PBXFileReference; explicitFileType = wrapper.application; includeInIndex = 0; path = GotPaged.app; sourceTree = BUILT_PRODUCTS_DIR; };
		9533795420F0BA33003491BD /* AppDelegate.swift */ = {isa = PBXFileReference; lastKnownFileType = sourcecode.swift; path = AppDelegate.swift; sourceTree = "<group>"; };
		9533795620F0BA33003491BD /* ViewController.swift */ = {isa = PBXFileReference; lastKnownFileType = sourcecode.swift; path = ViewController.swift; sourceTree = "<group>"; };
		9533795B20F0BA38003491BD /* Assets.xcassets */ = {isa = PBXFileReference; lastKnownFileType = folder.assetcatalog; path = Assets.xcassets; sourceTree = "<group>"; };
		9533795E20F0BA38003491BD /* Base */ = {isa = PBXFileReference; lastKnownFileType = file.storyboard; name = Base; path = Base.lproj/LaunchScreen.storyboard; sourceTree = "<group>"; };
		9533796020F0BA38003491BD /* Info.plist */ = {isa = PBXFileReference; lastKnownFileType = text.plist.xml; path = Info.plist; sourceTree = "<group>"; };
		9533797320F0BAC5003491BD /* WeekViewController.swift */ = {isa = PBXFileReference; lastKnownFileType = sourcecode.swift; path = WeekViewController.swift; sourceTree = "<group>"; };
		9533797520F0BAE6003491BD /* BaseViewController.swift */ = {isa = PBXFileReference; lastKnownFileType = sourcecode.swift; path = BaseViewController.swift; sourceTree = "<group>"; };
		9533797720F0BB26003491BD /* Utils.swift */ = {isa = PBXFileReference; lastKnownFileType = sourcecode.swift; path = Utils.swift; sourceTree = "<group>"; };
		9533797A20F0BE80003491BD /* GotPagedViewController.swift */ = {isa = PBXFileReference; lastKnownFileType = sourcecode.swift; path = GotPagedViewController.swift; sourceTree = "<group>"; };
/* End PBXFileReference section */

/* Begin PBXFrameworksBuildPhase section */
		9533794E20F0BA33003491BD /* Frameworks */ = {
			isa = PBXFrameworksBuildPhase;
			buildActionMask = 2147483647;
			files = (
			);
			runOnlyForDeploymentPostprocessing = 0;
		};
/* End PBXFrameworksBuildPhase section */

/* Begin PBXGroup section */
		9533794820F0BA33003491BD = {
			isa = PBXGroup;
			children = (
				9533795320F0BA33003491BD /* GotPaged */,
				9533795220F0BA33003491BD /* Products */,
			);
			sourceTree = "<group>";
		};
		9533795220F0BA33003491BD /* Products */ = {
			isa = PBXGroup;
			children = (
				9533795120F0BA33003491BD /* GotPaged.app */,
			);
			name = Products;
			sourceTree = "<group>";
		};
		9533795320F0BA33003491BD /* GotPaged */ = {
			isa = PBXGroup;
			children = (
				9533795420F0BA33003491BD /* AppDelegate.swift */,
				9533797220F0BA94003491BD /* ViewControllers */,
				9533797920F0BCC4003491BD /* Paged */,
				9533797720F0BB26003491BD /* Utils.swift */,
				9533795620F0BA33003491BD /* ViewController.swift */,
				9533795B20F0BA38003491BD /* Assets.xcassets */,
				9533795D20F0BA38003491BD /* LaunchScreen.storyboard */,
				9533796020F0BA38003491BD /* Info.plist */,
			);
			path = GotPaged;
			sourceTree = "<group>";
		};
		9533797220F0BA94003491BD /* ViewControllers */ = {
			isa = PBXGroup;
			children = (
				9533797520F0BAE6003491BD /* BaseViewController.swift */,
				9533797320F0BAC5003491BD /* WeekViewController.swift */,
			);
			path = ViewControllers;
			sourceTree = "<group>";
		};
		9533797920F0BCC4003491BD /* Paged */ = {
			isa = PBXGroup;
			children = (
				9533797A20F0BE80003491BD /* GotPagedViewController.swift */,
			);
			path = Paged;
			sourceTree = "<group>";
		};
/* End PBXGroup section */

/* Begin PBXNativeTarget section */
		9533795020F0BA33003491BD /* GotPaged */ = {
			isa = PBXNativeTarget;
			buildConfigurationList = 9533796320F0BA38003491BD /* Build configuration list for PBXNativeTarget "GotPaged" */;
			buildPhases = (
				9533794D20F0BA33003491BD /* Sources */,
				9533794E20F0BA33003491BD /* Frameworks */,
				9533794F20F0BA33003491BD /* Resources */,
			);
			buildRules = (
			);
			dependencies = (
			);
			name = GotPaged;
			productName = GotPaged;
			productReference = 9533795120F0BA33003491BD /* GotPaged.app */;
			productType = "com.apple.product-type.application";
		};
/* End PBXNativeTarget section */

/* Begin PBXProject section */
		9533794920F0BA33003491BD /* Project object */ = {
			isa = PBXProject;
			attributes = {
				LastSwiftUpdateCheck = 1000;
				LastUpgradeCheck = 1000;
				ORGANIZATIONNAME = "Olteanu Andrei";
				TargetAttributes = {
					9533795020F0BA33003491BD = {
						CreatedOnToolsVersion = 10.0;
					};
				};
			};
			buildConfigurationList = 9533794C20F0BA33003491BD /* Build configuration list for PBXProject "GotPaged" */;
			compatibilityVersion = "Xcode 9.3";
			developmentRegion = en;
			hasScannedForEncodings = 0;
			knownRegions = (
				en,
				Base,
			);
			mainGroup = 9533794820F0BA33003491BD;
			productRefGroup = 9533795220F0BA33003491BD /* Products */;
			projectDirPath = "";
			projectRoot = "";
			targets = (
				9533795020F0BA33003491BD /* GotPaged */,
			);
		};
/* End PBXProject section */

/* Begin PBXResourcesBuildPhase section */
		9533794F20F0BA33003491BD /* Resources */ = {
			isa = PBXResourcesBuildPhase;
			buildActionMask = 2147483647;
			files = (
				9533795F20F0BA38003491BD /* LaunchScreen.storyboard in Resources */,
				9533795C20F0BA38003491BD /* Assets.xcassets in Resources */,
			);
			runOnlyForDeploymentPostprocessing = 0;
		};
/* End PBXResourcesBuildPhase section */

/* Begin PBXSourcesBuildPhase section */
		9533794D20F0BA33003491BD /* Sources */ = {
			isa = PBXSourcesBuildPhase;
			buildActionMask = 2147483647;
			files = (
				9533797820F0BB26003491BD /* Utils.swift in Sources */,
				9533797B20F0BE80003491BD /* GotPagedViewController.swift in Sources */,
				9533797420F0BAC5003491BD /* WeekViewController.swift in Sources */,
				9533797620F0BAE6003491BD /* BaseViewController.swift in Sources */,
				9533795720F0BA33003491BD /* ViewController.swift in Sources */,
				9533795520F0BA33003491BD /* AppDelegate.swift in Sources */,
			);
			runOnlyForDeploymentPostprocessing = 0;
		};
/* End PBXSourcesBuildPhase section */

/* Begin PBXVariantGroup section */
		9533795D20F0BA38003491BD /* LaunchScreen.storyboard */ = {
			isa = PBXVariantGroup;
			children = (
				9533795E20F0BA38003491BD /* Base */,
			);
			name = LaunchScreen.storyboard;
			sourceTree = "<group>";
		};
/* End PBXVariantGroup section */

/* Begin XCBuildConfiguration section */
		9533796120F0BA38003491BD /* Debug */ = {
			isa = XCBuildConfiguration;
			buildSettings = {
				ALWAYS_SEARCH_USER_PATHS = NO;
				CLANG_ANALYZER_NONNULL = YES;
				CLANG_ANALYZER_NUMBER_OBJECT_CONVERSION = YES_AGGRESSIVE;
				CLANG_CXX_LANGUAGE_STANDARD = "gnu++14";
				CLANG_CXX_LIBRARY = "libc++";
				CLANG_ENABLE_MODULES = YES;
				CLANG_ENABLE_OBJC_ARC = YES;
				CLANG_ENABLE_OBJC_WEAK = YES;
				CLANG_WARN_BLOCK_CAPTURE_AUTORELEASING = YES;
				CLANG_WARN_BOOL_CONVERSION = YES;
				CLANG_WARN_COMMA = YES;
				CLANG_WARN_CONSTANT_CONVERSION = YES;
				CLANG_WARN_DEPRECATED_OBJC_IMPLEMENTATIONS = YES;
				CLANG_WARN_DIRECT_OBJC_ISA_USAGE = YES_ERROR;
				CLANG_WARN_DOCUMENTATION_COMMENTS = YES;
				CLANG_WARN_EMPTY_BODY = YES;
				CLANG_WARN_ENUM_CONVERSION = YES;
				CLANG_WARN_INFINITE_RECURSION = YES;
				CLANG_WARN_INT_CONVERSION = YES;
				CLANG_WARN_NON_LITERAL_NULL_CONVERSION = YES;
				CLANG_WARN_OBJC_IMPLICIT_RETAIN_SELF = YES;
				CLANG_WARN_OBJC_LITERAL_CONVERSION = YES;
				CLANG_WARN_OBJC_ROOT_CLASS = YES_ERROR;
				CLANG_WARN_RANGE_LOOP_ANALYSIS = YES;
				CLANG_WARN_STRICT_PROTOTYPES = YES;
				CLANG_WARN_SUSPICIOUS_MOVE = YES;
				CLANG_WARN_UNGUARDED_AVAILABILITY = YES_AGGRESSIVE;
				CLANG_WARN_UNREACHABLE_CODE = YES;
				CLANG_WARN__DUPLICATE_METHOD_MATCH = YES;
				CODE_SIGN_IDENTITY = "iPhone Developer";
				COPY_PHASE_STRIP = NO;
				DEBUG_INFORMATION_FORMAT = dwarf;
				ENABLE_STRICT_OBJC_MSGSEND = YES;
				ENABLE_TESTABILITY = YES;
				GCC_C_LANGUAGE_STANDARD = gnu11;
				GCC_DYNAMIC_NO_PIC = NO;
				GCC_NO_COMMON_BLOCKS = YES;
				GCC_OPTIMIZATION_LEVEL = 0;
				GCC_PREPROCESSOR_DEFINITIONS = (
					"DEBUG=1",
					"$(inherited)",
				);
				GCC_WARN_64_TO_32_BIT_CONVERSION = YES;
				GCC_WARN_ABOUT_RETURN_TYPE = YES_ERROR;
				GCC_WARN_UNDECLARED_SELECTOR = YES;
				GCC_WARN_UNINITIALIZED_AUTOS = YES_AGGRESSIVE;
				GCC_WARN_UNUSED_FUNCTION = YES;
				GCC_WARN_UNUSED_VARIABLE = YES;
				IPHONEOS_DEPLOYMENT_TARGET = 12.0;
				MTL_ENABLE_DEBUG_INFO = INCLUDE_SOURCE;
				MTL_FAST_MATH = YES;
				ONLY_ACTIVE_ARCH = YES;
				SDKROOT = iphoneos;
				SWIFT_ACTIVE_COMPILATION_CONDITIONS = DEBUG;
				SWIFT_OPTIMIZATION_LEVEL = "-Onone";
			};
			name = Debug;
		};
		9533796220F0BA38003491BD /* Release */ = {
			isa = XCBuildConfiguration;
			buildSettings = {
				ALWAYS_SEARCH_USER_PATHS = NO;
				CLANG_ANALYZER_NONNULL = YES;
				CLANG_ANALYZER_NUMBER_OBJECT_CONVERSION = YES_AGGRESSIVE;
				CLANG_CXX_LANGUAGE_STANDARD = "gnu++14";
				CLANG_CXX_LIBRARY = "libc++";
				CLANG_ENABLE_MODULES = YES;
				CLANG_ENABLE_OBJC_ARC = YES;
				CLANG_ENABLE_OBJC_WEAK = YES;
				CLANG_WARN_BLOCK_CAPTURE_AUTORELEASING = YES;
				CLANG_WARN_BOOL_CONVERSION = YES;
				CLANG_WARN_COMMA = YES;
				CLANG_WARN_CONSTANT_CONVERSION = YES;
				CLANG_WARN_DEPRECATED_OBJC_IMPLEMENTATIONS = YES;
				CLANG_WARN_DIRECT_OBJC_ISA_USAGE = YES_ERROR;
				CLANG_WARN_DOCUMENTATION_COMMENTS = YES;
				CLANG_WARN_EMPTY_BODY = YES;
				CLANG_WARN_ENUM_CONVERSION = YES;
				CLANG_WARN_INFINITE_RECURSION = YES;
				CLANG_WARN_INT_CONVERSION = YES;
				CLANG_WARN_NON_LITERAL_NULL_CONVERSION = YES;
				CLANG_WARN_OBJC_IMPLICIT_RETAIN_SELF = YES;
				CLANG_WARN_OBJC_LITERAL_CONVERSION = YES;
				CLANG_WARN_OBJC_ROOT_CLASS = YES_ERROR;
				CLANG_WARN_RANGE_LOOP_ANALYSIS = YES;
				CLANG_WARN_STRICT_PROTOTYPES = YES;
				CLANG_WARN_SUSPICIOUS_MOVE = YES;
				CLANG_WARN_UNGUARDED_AVAILABILITY = YES_AGGRESSIVE;
				CLANG_WARN_UNREACHABLE_CODE = YES;
				CLANG_WARN__DUPLICATE_METHOD_MATCH = YES;
				CODE_SIGN_IDENTITY = "iPhone Developer";
				COPY_PHASE_STRIP = NO;
				DEBUG_INFORMATION_FORMAT = "dwarf-with-dsym";
				ENABLE_NS_ASSERTIONS = NO;
				ENABLE_STRICT_OBJC_MSGSEND = YES;
				GCC_C_LANGUAGE_STANDARD = gnu11;
				GCC_NO_COMMON_BLOCKS = YES;
				GCC_WARN_64_TO_32_BIT_CONVERSION = YES;
				GCC_WARN_ABOUT_RETURN_TYPE = YES_ERROR;
				GCC_WARN_UNDECLARED_SELECTOR = YES;
				GCC_WARN_UNINITIALIZED_AUTOS = YES_AGGRESSIVE;
				GCC_WARN_UNUSED_FUNCTION = YES;
				GCC_WARN_UNUSED_VARIABLE = YES;
				IPHONEOS_DEPLOYMENT_TARGET = 12.0;
				MTL_ENABLE_DEBUG_INFO = NO;
				MTL_FAST_MATH = YES;
				SDKROOT = iphoneos;
				SWIFT_COMPILATION_MODE = wholemodule;
				SWIFT_OPTIMIZATION_LEVEL = "-O";
				VALIDATE_PRODUCT = YES;
			};
			name = Release;
		};
		9533796420F0BA38003491BD /* Debug */ = {
			isa = XCBuildConfiguration;
			buildSettings = {
				ASSETCATALOG_COMPILER_APPICON_NAME = AppIcon;
				CODE_SIGN_STYLE = Automatic;
				DEVELOPMENT_TEAM = 7VAJ32PD5M;
				INFOPLIST_FILE = GotPaged/Info.plist;
				LD_RUNPATH_SEARCH_PATHS = (
					"$(inherited)",
					"@executable_path/Frameworks",
				);
				PRODUCT_BUNDLE_IDENTIFIER = com.andreiolteanu.GotPaged;
				PRODUCT_NAME = "$(TARGET_NAME)";
				SWIFT_VERSION = 4.2;
				TARGETED_DEVICE_FAMILY = "1,2";
			};
			name = Debug;
		};
		9533796520F0BA38003491BD /* Release */ = {
			isa = XCBuildConfiguration;
			buildSettings = {
				ASSETCATALOG_COMPILER_APPICON_NAME = AppIcon;
				CODE_SIGN_STYLE = Automatic;
				DEVELOPMENT_TEAM = 7VAJ32PD5M;
				INFOPLIST_FILE = GotPaged/Info.plist;
				LD_RUNPATH_SEARCH_PATHS = (
					"$(inherited)",
					"@executable_path/Frameworks",
				);
				PRODUCT_BUNDLE_IDENTIFIER = com.andreiolteanu.GotPaged;
				PRODUCT_NAME = "$(TARGET_NAME)";
				SWIFT_VERSION = 4.2;
				TARGETED_DEVICE_FAMILY = "1,2";
			};
			name = Release;
		};
/* End XCBuildConfiguration section */

/* Begin XCConfigurationList section */
		9533794C20F0BA33003491BD /* Build configuration list for PBXProject "GotPaged" */ = {
			isa = XCConfigurationList;
			buildConfigurations = (
				9533796120F0BA38003491BD /* Debug */,
				9533796220F0BA38003491BD /* Release */,
			);
			defaultConfigurationIsVisible = 0;
			defaultConfigurationName = Release;
		};
		9533796320F0BA38003491BD /* Build configuration list for PBXNativeTarget "GotPaged" */ = {
			isa = XCConfigurationList;
			buildConfigurations = (
				9533796420F0BA38003491BD /* Debug */,
				9533796520F0BA38003491BD /* Release */,
			);
			defaultConfigurationIsVisible = 0;
			defaultConfigurationName = Release;
		};
/* End XCConfigurationList section */
	};
	rootObject = 9533794920F0BA33003491BD /* Project object */;
}
