// !$*UTF8*$!
{
	archiveVersion = 1;
	classes = {
	};
	objectVersion = 50;
	objects = {

/* Begin PBXBuildFile section */
		958B269620B21A88009BBE0B /* AppDelegate.swift in Sources */ = {isa = PBXBuildFile; fileRef = 958B269520B21A88009BBE0B /* AppDelegate.swift */; };
		958B269820B21A88009BBE0B /* ViewController.swift in Sources */ = {isa = PBXBuildFile; fileRef = 958B269720B21A88009BBE0B /* ViewController.swift */; };
		958B269B20B21A88009BBE0B /* Main.storyboard in Resources */ = {isa = PBXBuildFile; fileRef = 958B269920B21A88009BBE0B /* Main.storyboard */; };
		958B269D20B21A8B009BBE0B /* Assets.xcassets in Resources */ = {isa = PBXBuildFile; fileRef = 958B269C20B21A8B009BBE0B /* Assets.xcassets */; };
		958B26A020B21A8B009BBE0B /* LaunchScreen.storyboard in Resources */ = {isa = PBXBuildFile; fileRef = 958B269E20B21A8B009BBE0B /* LaunchScreen.storyboard */; };
		A440A66AC4A5A29DA9C00930 /* Pods_testSQL.framework in Frameworks */ = {isa = PBXBuildFile; fileRef = 048DB5FEE49BACE0E7B5CA5F /* Pods_testSQL.framework */; };
/* End PBXBuildFile section */

/* Begin PBXFileReference section */
		048DB5FEE49BACE0E7B5CA5F /* Pods_testSQL.framework */ = {isa = PBXFileReference; explicitFileType = wrapper.framework; includeInIndex = 0; path = Pods_testSQL.framework; sourceTree = BUILT_PRODUCTS_DIR; };
		800BB1AF9E20579FA3C3B831 /* Pods-testSQL.debug.xcconfig */ = {isa = PBXFileReference; includeInIndex = 1; lastKnownFileType = text.xcconfig; name = "Pods-testSQL.debug.xcconfig"; path = "Pods/Target Support Files/Pods-testSQL/Pods-testSQL.debug.xcconfig"; sourceTree = "<group>"; };
		958B269220B21A88009BBE0B /* testSQL.app */ = {isa = PBXFileReference; explicitFileType = wrapper.application; includeInIndex = 0; path = testSQL.app; sourceTree = BUILT_PRODUCTS_DIR; };
		958B269520B21A88009BBE0B /* AppDelegate.swift */ = {isa = PBXFileReference; lastKnownFileType = sourcecode.swift; path = AppDelegate.swift; sourceTree = "<group>"; };
		958B269720B21A88009BBE0B /* ViewController.swift */ = {isa = PBXFileReference; lastKnownFileType = sourcecode.swift; path = ViewController.swift; sourceTree = "<group>"; };
		958B269A20B21A88009BBE0B /* Base */ = {isa = PBXFileReference; lastKnownFileType = file.storyboard; name = Base; path = Base.lproj/Main.storyboard; sourceTree = "<group>"; };
		958B269C20B21A8B009BBE0B /* Assets.xcassets */ = {isa = PBXFileReference; lastKnownFileType = folder.assetcatalog; path = Assets.xcassets; sourceTree = "<group>"; };
		958B269F20B21A8B009BBE0B /* Base */ = {isa = PBXFileReference; lastKnownFileType = file.storyboard; name = Base; path = Base.lproj/LaunchScreen.storyboard; sourceTree = "<group>"; };
		958B26A120B21A8B009BBE0B /* Info.plist */ = {isa = PBXFileReference; lastKnownFileType = text.plist.xml; path = Info.plist; sourceTree = "<group>"; };
		CE25776035874ACAD0E178E7 /* Pods-testSQL.release.xcconfig */ = {isa = PBXFileReference; includeInIndex = 1; lastKnownFileType = text.xcconfig; name = "Pods-testSQL.release.xcconfig"; path = "Pods/Target Support Files/Pods-testSQL/Pods-testSQL.release.xcconfig"; sourceTree = "<group>"; };
/* End PBXFileReference section */

/* Begin PBXFrameworksBuildPhase section */
		958B268F20B21A88009BBE0B /* Frameworks */ = {
			isa = PBXFrameworksBuildPhase;
			buildActionMask = 2147483647;
			files = (
				A440A66AC4A5A29DA9C00930 /* Pods_testSQL.framework in Frameworks */,
			);
			runOnlyForDeploymentPostprocessing = 0;
		};
/* End PBXFrameworksBuildPhase section */

/* Begin PBXGroup section */
		43EE6B8CCB2C0EE90B3B33DA /* Pods */ = {
			isa = PBXGroup;
			children = (
				800BB1AF9E20579FA3C3B831 /* Pods-testSQL.debug.xcconfig */,
				CE25776035874ACAD0E178E7 /* Pods-testSQL.release.xcconfig */,
			);
			name = Pods;
			sourceTree = "<group>";
		};
		4FEB1AF2766F19E539AD70C1 /* Frameworks */ = {
			isa = PBXGroup;
			children = (
				048DB5FEE49BACE0E7B5CA5F /* Pods_testSQL.framework */,
			);
			name = Frameworks;
			sourceTree = "<group>";
		};
		958B268920B21A88009BBE0B = {
			isa = PBXGroup;
			children = (
				958B269420B21A88009BBE0B /* testSQL */,
				958B269320B21A88009BBE0B /* Products */,
				43EE6B8CCB2C0EE90B3B33DA /* Pods */,
				4FEB1AF2766F19E539AD70C1 /* Frameworks */,
			);
			sourceTree = "<group>";
		};
		958B269320B21A88009BBE0B /* Products */ = {
			isa = PBXGroup;
			children = (
				958B269220B21A88009BBE0B /* testSQL.app */,
			);
			name = Products;
			sourceTree = "<group>";
		};
		958B269420B21A88009BBE0B /* testSQL */ = {
			isa = PBXGroup;
			children = (
				958B269520B21A88009BBE0B /* AppDelegate.swift */,
				958B269720B21A88009BBE0B /* ViewController.swift */,
				958B269920B21A88009BBE0B /* Main.storyboard */,
				958B269C20B21A8B009BBE0B /* Assets.xcassets */,
				958B269E20B21A8B009BBE0B /* LaunchScreen.storyboard */,
				958B26A120B21A8B009BBE0B /* Info.plist */,
			);
			path = testSQL;
			sourceTree = "<group>";
		};
/* End PBXGroup section */

/* Begin PBXNativeTarget section */
		958B269120B21A88009BBE0B /* testSQL */ = {
			isa = PBXNativeTarget;
			buildConfigurationList = 958B26A420B21A8B009BBE0B /* Build configuration list for PBXNativeTarget "testSQL" */;
			buildPhases = (
				6E4638DA13A3E24E758A6E35 /* [CP] Check Pods Manifest.lock */,
				958B268E20B21A88009BBE0B /* Sources */,
				958B268F20B21A88009BBE0B /* Frameworks */,
				958B269020B21A88009BBE0B /* Resources */,
				3AB0DA55318F6C00E95520CE /* [CP] Embed Pods Frameworks */,
			);
			buildRules = (
			);
			dependencies = (
			);
			name = testSQL;
			productName = testSQL;
			productReference = 958B269220B21A88009BBE0B /* testSQL.app */;
			productType = "com.apple.product-type.application";
		};
/* End PBXNativeTarget section */

/* Begin PBXProject section */
		958B268A20B21A88009BBE0B /* Project object */ = {
			isa = PBXProject;
			attributes = {
				LastSwiftUpdateCheck = 0930;
				LastUpgradeCheck = 0930;
				ORGANIZATIONNAME = "Olteanu Andrei";
				TargetAttributes = {
					958B269120B21A88009BBE0B = {
						CreatedOnToolsVersion = 9.3.1;
					};
				};
			};
			buildConfigurationList = 958B268D20B21A88009BBE0B /* Build configuration list for PBXProject "testSQL" */;
			compatibilityVersion = "Xcode 9.3";
			developmentRegion = en;
			hasScannedForEncodings = 0;
			knownRegions = (
				en,
				Base,
			);
			mainGroup = 958B268920B21A88009BBE0B;
			productRefGroup = 958B269320B21A88009BBE0B /* Products */;
			projectDirPath = "";
			projectRoot = "";
			targets = (
				958B269120B21A88009BBE0B /* testSQL */,
			);
		};
/* End PBXProject section */

/* Begin PBXResourcesBuildPhase section */
		958B269020B21A88009BBE0B /* Resources */ = {
			isa = PBXResourcesBuildPhase;
			buildActionMask = 2147483647;
			files = (
				958B26A020B21A8B009BBE0B /* LaunchScreen.storyboard in Resources */,
				958B269D20B21A8B009BBE0B /* Assets.xcassets in Resources */,
				958B269B20B21A88009BBE0B /* Main.storyboard in Resources */,
			);
			runOnlyForDeploymentPostprocessing = 0;
		};
/* End PBXResourcesBuildPhase section */

/* Begin PBXShellScriptBuildPhase section */
		3AB0DA55318F6C00E95520CE /* [CP] Embed Pods Frameworks */ = {
			isa = PBXShellScriptBuildPhase;
			buildActionMask = 2147483647;
			files = (
			);
			inputPaths = (
				"${SRCROOT}/Pods/Target Support Files/Pods-testSQL/Pods-testSQL-frameworks.sh",
				"${BUILT_PRODUCTS_DIR}/OHMySQL/OHMySQL.framework",
			);
			name = "[CP] Embed Pods Frameworks";
			outputPaths = (
				"${TARGET_BUILD_DIR}/${FRAMEWORKS_FOLDER_PATH}/OHMySQL.framework",
			);
			runOnlyForDeploymentPostprocessing = 0;
			shellPath = /bin/sh;
			shellScript = "\"${SRCROOT}/Pods/Target Support Files/Pods-testSQL/Pods-testSQL-frameworks.sh\"\n";
			showEnvVarsInLog = 0;
		};
		6E4638DA13A3E24E758A6E35 /* [CP] Check Pods Manifest.lock */ = {
			isa = PBXShellScriptBuildPhase;
			buildActionMask = 2147483647;
			files = (
			);
			inputPaths = (
				"${PODS_PODFILE_DIR_PATH}/Podfile.lock",
				"${PODS_ROOT}/Manifest.lock",
			);
			name = "[CP] Check Pods Manifest.lock";
			outputPaths = (
				"$(DERIVED_FILE_DIR)/Pods-testSQL-checkManifestLockResult.txt",
			);
			runOnlyForDeploymentPostprocessing = 0;
			shellPath = /bin/sh;
			shellScript = "diff \"${PODS_PODFILE_DIR_PATH}/Podfile.lock\" \"${PODS_ROOT}/Manifest.lock\" > /dev/null\nif [ $? != 0 ] ; then\n    # print error to STDERR\n    echo \"error: The sandbox is not in sync with the Podfile.lock. Run 'pod install' or update your CocoaPods installation.\" >&2\n    exit 1\nfi\n# This output is used by Xcode 'outputs' to avoid re-running this script phase.\necho \"SUCCESS\" > \"${SCRIPT_OUTPUT_FILE_0}\"\n";
			showEnvVarsInLog = 0;
		};
/* End PBXShellScriptBuildPhase section */

/* Begin PBXSourcesBuildPhase section */
		958B268E20B21A88009BBE0B /* Sources */ = {
			isa = PBXSourcesBuildPhase;
			buildActionMask = 2147483647;
			files = (
				958B269820B21A88009BBE0B /* ViewController.swift in Sources */,
				958B269620B21A88009BBE0B /* AppDelegate.swift in Sources */,
			);
			runOnlyForDeploymentPostprocessing = 0;
		};
/* End PBXSourcesBuildPhase section */

/* Begin PBXVariantGroup section */
		958B269920B21A88009BBE0B /* Main.storyboard */ = {
			isa = PBXVariantGroup;
			children = (
				958B269A20B21A88009BBE0B /* Base */,
			);
			name = Main.storyboard;
			sourceTree = "<group>";
		};
		958B269E20B21A8B009BBE0B /* LaunchScreen.storyboard */ = {
			isa = PBXVariantGroup;
			children = (
				958B269F20B21A8B009BBE0B /* Base */,
			);
			name = LaunchScreen.storyboard;
			sourceTree = "<group>";
		};
/* End PBXVariantGroup section */

/* Begin XCBuildConfiguration section */
		958B26A220B21A8B009BBE0B /* Debug */ = {
			isa = XCBuildConfiguration;
			buildSettings = {
				ALWAYS_SEARCH_USER_PATHS = NO;
				CLANG_ANALYZER_NONNULL = YES;
				CLANG_ANALYZER_NUMBER_OBJECT_CONVERSION = YES_AGGRESSIVE;
				CLANG_CXX_LANGUAGE_STANDARD = "gnu++14";
				CLANG_CXX_LIBRARY = "libc++";
				CLANG_ENABLE_MODULES = YES;
				CLANG_ENABLE_OBJC_ARC = YES;
				CLANG_ENABLE_OBJC_WEAK = YES;
				CLANG_WARN_BLOCK_CAPTURE_AUTORELEASING = YES;
				CLANG_WARN_BOOL_CONVERSION = YES;
				CLANG_WARN_COMMA = YES;
				CLANG_WARN_CONSTANT_CONVERSION = YES;
				CLANG_WARN_DEPRECATED_OBJC_IMPLEMENTATIONS = YES;
				CLANG_WARN_DIRECT_OBJC_ISA_USAGE = YES_ERROR;
				CLANG_WARN_DOCUMENTATION_COMMENTS = YES;
				CLANG_WARN_EMPTY_BODY = YES;
				CLANG_WARN_ENUM_CONVERSION = YES;
				CLANG_WARN_INFINITE_RECURSION = YES;
				CLANG_WARN_INT_CONVERSION = YES;
				CLANG_WARN_NON_LITERAL_NULL_CONVERSION = YES;
				CLANG_WARN_OBJC_IMPLICIT_RETAIN_SELF = YES;
				CLANG_WARN_OBJC_LITERAL_CONVERSION = YES;
				CLANG_WARN_OBJC_ROOT_CLASS = YES_ERROR;
				CLANG_WARN_RANGE_LOOP_ANALYSIS = YES;
				CLANG_WARN_STRICT_PROTOTYPES = YES;
				CLANG_WARN_SUSPICIOUS_MOVE = YES;
				CLANG_WARN_UNGUARDED_AVAILABILITY = YES_AGGRESSIVE;
				CLANG_WARN_UNREACHABLE_CODE = YES;
				CLANG_WARN__DUPLICATE_METHOD_MATCH = YES;
				CODE_SIGN_IDENTITY = "iPhone Developer";
				COPY_PHASE_STRIP = NO;
				DEBUG_INFORMATION_FORMAT = dwarf;
				ENABLE_STRICT_OBJC_MSGSEND = YES;
				ENABLE_TESTABILITY = YES;
				GCC_C_LANGUAGE_STANDARD = gnu11;
				GCC_DYNAMIC_NO_PIC = NO;
				GCC_NO_COMMON_BLOCKS = YES;
				GCC_OPTIMIZATION_LEVEL = 0;
				GCC_PREPROCESSOR_DEFINITIONS = (
					"DEBUG=1",
					"$(inherited)",
				);
				GCC_WARN_64_TO_32_BIT_CONVERSION = YES;
				GCC_WARN_ABOUT_RETURN_TYPE = YES_ERROR;
				GCC_WARN_UNDECLARED_SELECTOR = YES;
				GCC_WARN_UNINITIALIZED_AUTOS = YES_AGGRESSIVE;
				GCC_WARN_UNUSED_FUNCTION = YES;
				GCC_WARN_UNUSED_VARIABLE = YES;
				IPHONEOS_DEPLOYMENT_TARGET = 11.3;
				MTL_ENABLE_DEBUG_INFO = YES;
				ONLY_ACTIVE_ARCH = YES;
				SDKROOT = iphoneos;
				SWIFT_ACTIVE_COMPILATION_CONDITIONS = DEBUG;
				SWIFT_OPTIMIZATION_LEVEL = "-Onone";
			};
			name = Debug;
		};
		958B26A320B21A8B009BBE0B /* Release */ = {
			isa = XCBuildConfiguration;
			buildSettings = {
				ALWAYS_SEARCH_USER_PATHS = NO;
				CLANG_ANALYZER_NONNULL = YES;
				CLANG_ANALYZER_NUMBER_OBJECT_CONVERSION = YES_AGGRESSIVE;
				CLANG_CXX_LANGUAGE_STANDARD = "gnu++14";
				CLANG_CXX_LIBRARY = "libc++";
				CLANG_ENABLE_MODULES = YES;
				CLANG_ENABLE_OBJC_ARC = YES;
				CLANG_ENABLE_OBJC_WEAK = YES;
				CLANG_WARN_BLOCK_CAPTURE_AUTORELEASING = YES;
				CLANG_WARN_BOOL_CONVERSION = YES;
				CLANG_WARN_COMMA = YES;
				CLANG_WARN_CONSTANT_CONVERSION = YES;
				CLANG_WARN_DEPRECATED_OBJC_IMPLEMENTATIONS = YES;
				CLANG_WARN_DIRECT_OBJC_ISA_USAGE = YES_ERROR;
				CLANG_WARN_DOCUMENTATION_COMMENTS = YES;
				CLANG_WARN_EMPTY_BODY = YES;
				CLANG_WARN_ENUM_CONVERSION = YES;
				CLANG_WARN_INFINITE_RECURSION = YES;
				CLANG_WARN_INT_CONVERSION = YES;
				CLANG_WARN_NON_LITERAL_NULL_CONVERSION = YES;
				CLANG_WARN_OBJC_IMPLICIT_RETAIN_SELF = YES;
				CLANG_WARN_OBJC_LITERAL_CONVERSION = YES;
				CLANG_WARN_OBJC_ROOT_CLASS = YES_ERROR;
				CLANG_WARN_RANGE_LOOP_ANALYSIS = YES;
				CLANG_WARN_STRICT_PROTOTYPES = YES;
				CLANG_WARN_SUSPICIOUS_MOVE = YES;
				CLANG_WARN_UNGUARDED_AVAILABILITY = YES_AGGRESSIVE;
				CLANG_WARN_UNREACHABLE_CODE = YES;
				CLANG_WARN__DUPLICATE_METHOD_MATCH = YES;
				CODE_SIGN_IDENTITY = "iPhone Developer";
				COPY_PHASE_STRIP = NO;
				DEBUG_INFORMATION_FORMAT = "dwarf-with-dsym";
				ENABLE_NS_ASSERTIONS = NO;
				ENABLE_STRICT_OBJC_MSGSEND = YES;
				GCC_C_LANGUAGE_STANDARD = gnu11;
				GCC_NO_COMMON_BLOCKS = YES;
				GCC_WARN_64_TO_32_BIT_CONVERSION = YES;
				GCC_WARN_ABOUT_RETURN_TYPE = YES_ERROR;
				GCC_WARN_UNDECLARED_SELECTOR = YES;
				GCC_WARN_UNINITIALIZED_AUTOS = YES_AGGRESSIVE;
				GCC_WARN_UNUSED_FUNCTION = YES;
				GCC_WARN_UNUSED_VARIABLE = YES;
				IPHONEOS_DEPLOYMENT_TARGET = 11.3;
				MTL_ENABLE_DEBUG_INFO = NO;
				SDKROOT = iphoneos;
				SWIFT_COMPILATION_MODE = wholemodule;
				SWIFT_OPTIMIZATION_LEVEL = "-O";
				VALIDATE_PRODUCT = YES;
			};
			name = Release;
		};
		958B26A520B21A8B009BBE0B /* Debug */ = {
			isa = XCBuildConfiguration;
			baseConfigurationReference = 800BB1AF9E20579FA3C3B831 /* Pods-testSQL.debug.xcconfig */;
			buildSettings = {
				ASSETCATALOG_COMPILER_APPICON_NAME = AppIcon;
				CODE_SIGN_STYLE = Automatic;
				INFOPLIST_FILE = testSQL/Info.plist;
				LD_RUNPATH_SEARCH_PATHS = (
					"$(inherited)",
					"@executable_path/Frameworks",
				);
				PRODUCT_BUNDLE_IDENTIFIER = com.andreiolteanu.testSQL;
				PRODUCT_NAME = "$(TARGET_NAME)";
				SWIFT_VERSION = 4.0;
				TARGETED_DEVICE_FAMILY = "1,2";
			};
			name = Debug;
		};
		958B26A620B21A8B009BBE0B /* Release */ = {
			isa = XCBuildConfiguration;
			baseConfigurationReference = CE25776035874ACAD0E178E7 /* Pods-testSQL.release.xcconfig */;
			buildSettings = {
				ASSETCATALOG_COMPILER_APPICON_NAME = AppIcon;
				CODE_SIGN_STYLE = Automatic;
				INFOPLIST_FILE = testSQL/Info.plist;
				LD_RUNPATH_SEARCH_PATHS = (
					"$(inherited)",
					"@executable_path/Frameworks",
				);
				PRODUCT_BUNDLE_IDENTIFIER = com.andreiolteanu.testSQL;
				PRODUCT_NAME = "$(TARGET_NAME)";
				SWIFT_VERSION = 4.0;
				TARGETED_DEVICE_FAMILY = "1,2";
			};
			name = Release;
		};
/* End XCBuildConfiguration section */

/* Begin XCConfigurationList section */
		958B268D20B21A88009BBE0B /* Build configuration list for PBXProject "testSQL" */ = {
			isa = XCConfigurationList;
			buildConfigurations = (
				958B26A220B21A8B009BBE0B /* Debug */,
				958B26A320B21A8B009BBE0B /* Release */,
			);
			defaultConfigurationIsVisible = 0;
			defaultConfigurationName = Release;
		};
		958B26A420B21A8B009BBE0B /* Build configuration list for PBXNativeTarget "testSQL" */ = {
			isa = XCConfigurationList;
			buildConfigurations = (
				958B26A520B21A8B009BBE0B /* Debug */,
				958B26A620B21A8B009BBE0B /* Release */,
			);
			defaultConfigurationIsVisible = 0;
			defaultConfigurationName = Release;
		};
/* End XCConfigurationList section */
	};
	rootObject = 958B268A20B21A88009BBE0B /* Project object */;
}
